
Microsoft Visual Studio Solution File, Format Version 12.00
# Visual Studio Version 16
VisualStudioVersion = 16.0.31205.134
MinimumVisualStudioVersion = 10.0.40219.1
Project("{9A19103F-16F7-4668-BE54-9A1E7A4F7556}") = "geometryLibrary", "geometryLibrary\geometryLibrary.csproj", "{2AFBC9F0-8563-4D6E-957C-2EF22F19DB61}"
EndProject
Project("{FAE04EC0-301F-11D3-BF4B-00C04F79EFBC}") = "geometryLibraryTests", "geometryLibraryTests\geometryLibraryTests.csproj", "{005400B0-2F87-46DF-AA22-E7D19CDB72C6}"
EndProject
Global
	GlobalSection(SolutionConfigurationPlatforms) = preSolution
		Debug|Any CPU = Debug|Any CPU
		Release|Any CPU = Release|Any CPU
	EndGlobalSection
	GlobalSection(ProjectConfigurationPlatforms) = postSolution
		{2AFBC9F0-8563-4D6E-957C-2EF22F19DB61}.Debug|Any CPU.ActiveCfg = Debug|Any CPU
		{2AFBC9F0-8563-4D6E-957C-2EF22F19DB61}.Debug|Any CPU.Build.0 = Debug|Any CPU
		{2AFBC9F0-8563-4D6E-957C-2EF22F19DB61}.Release|Any CPU.ActiveCfg = Release|Any CPU
		{2AFBC9F0-8563-4D6E-957C-2EF22F19DB61}.Release|Any CPU.Build.0 = Release|Any CPU
		{005400B0-2F87-46DF-AA22-E7D19CDB72C6}.Debug|Any CPU.ActiveCfg = Debug|Any CPU
		{005400B0-2F87-46DF-AA22-E7D19CDB72C6}.Debug|Any CPU.Build.0 = Debug|Any CPU
		{005400B0-2F87-46DF-AA22-E7D19CDB72C6}.Release|Any CPU.ActiveCfg = Release|Any CPU
		{005400B0-2F87-46DF-AA22-E7D19CDB72C6}.Release|Any CPU.Build.0 = Release|Any CPU
	EndGlobalSection
	GlobalSection(SolutionProperties) = preSolution
		HideSolutionNode = FALSE
	EndGlobalSection
	GlobalSection(ExtensibilityGlobals) = postSolution
		SolutionGuid = {BC05CDF1-9012-4D15-9491-3DFA421A3CB2}
	EndGlobalSection
EndGlobal
